
Microsoft Visual Studio Solution File, Format Version 12.00
# Visual Studio Version 17
VisualStudioVersion = 17.13.35828.75 d17.13
MinimumVisualStudioVersion = 10.0.40219.1
Project("{FAE04EC0-301F-11D3-BF4B-00C04F79EFBC}") = "hulisajeDP2", "hulisajeDP2\hulisajeDP2.csproj", "{B6C006F1-B130-4091-8189-05752793F15A}"
EndProject
Global
	GlobalSection(SolutionConfigurationPlatforms) = preSolution
		Debug|Any CPU = Debug|Any CPU
		Release|Any CPU = Release|Any CPU
	EndGlobalSection
	GlobalSection(ProjectConfigurationPlatforms) = postSolution
		{B6C006F1-B130-4091-8189-05752793F15A}.Debug|Any CPU.ActiveCfg = Debug|Any CPU
		{B6C006F1-B130-4091-8189-05752793F15A}.Debug|Any CPU.Build.0 = Debug|Any CPU
		{B6C006F1-B130-4091-8189-05752793F15A}.Release|Any CPU.ActiveCfg = Release|Any CPU
		{B6C006F1-B130-4091-8189-05752793F15A}.Release|Any CPU.Build.0 = Release|Any CPU
	EndGlobalSection
	GlobalSection(SolutionProperties) = preSolution
		HideSolutionNode = FALSE
	EndGlobalSection
	GlobalSection(ExtensibilityGlobals) = postSolution
		SolutionGuid = {67B49246-3D9C-43CA-8840-ED17ED1F83A1}
	EndGlobalSection
EndGlobal
